
Microsoft Visual Studio Solution File, Format Version 12.00
# Visual Studio Version 16
VisualStudioVersion = 16.0.31729.503
MinimumVisualStudioVersion = 10.0.40219.1
Project("{FAE04EC0-301F-11D3-BF4B-00C04F79EFBC}") = "MFR(MVC)", "MFR(MVC)\MFR(MVC).csproj", "{CE2DD365-5E1A-4D84-923B-C40F0F7418F1}"
EndProject
Global
	GlobalSection(SolutionConfigurationPlatforms) = preSolution
		Debug|Any CPU = Debug|Any CPU
		Release|Any CPU = Release|Any CPU
	EndGlobalSection
	GlobalSection(ProjectConfigurationPlatforms) = postSolution
		{CE2DD365-5E1A-4D84-923B-C40F0F7418F1}.Debug|Any CPU.ActiveCfg = Debug|Any CPU
		{CE2DD365-5E1A-4D84-923B-C40F0F7418F1}.Debug|Any CPU.Build.0 = Debug|Any CPU
		{CE2DD365-5E1A-4D84-923B-C40F0F7418F1}.Release|Any CPU.ActiveCfg = Release|Any CPU
		{CE2DD365-5E1A-4D84-923B-C40F0F7418F1}.Release|Any CPU.Build.0 = Release|Any CPU
	EndGlobalSection
	GlobalSection(SolutionProperties) = preSolution
		HideSolutionNode = FALSE
	EndGlobalSection
	GlobalSection(ExtensibilityGlobals) = postSolution
		SolutionGuid = {0713B269-2502-4050-8E60-347C3FE3DD71}
	EndGlobalSection
EndGlobal
